
Microsoft Visual Studio Solution File, Format Version 12.00
# Visual Studio Version 17
VisualStudioVersion = 17.0.31903.59
MinimumVisualStudioVersion = 10.0.40219.1
Project("{FAE04EC0-301F-11D3-BF4B-00C04F79EFBC}") = "Skill_Exchange.Domain", "Skill_Exchange.Domain\Skill_Exchange.Domain.csproj", "{D480F7D8-3DB8-4F4D-9250-5A83F91F442F}"
EndProject
Project("{FAE04EC0-301F-11D3-BF4B-00C04F79EFBC}") = "Skill_Exchange.Application", "Skill_Exchange.Application\Skill_Exchange.Application.csproj", "{2F301C8E-29D8-4AA8-9E59-74FD2C24E522}"
EndProject
Project("{FAE04EC0-301F-11D3-BF4B-00C04F79EFBC}") = "Skill_Exchange.Infrastructure", "Skill_Exchange.Infrastructure\Skill_Exchange.Infrastructure.csproj", "{994F4F4D-E0B3-4A19-8461-555E6CBE03AA}"
EndProject
Project("{FAE04EC0-301F-11D3-BF4B-00C04F79EFBC}") = "Skill_Exchange.API", "Skill_Exchange.API\Skill_Exchange.API.csproj", "{643EAD98-9776-4B35-A615-CF423CB04DC2}"
EndProject
Global
	GlobalSection(SolutionConfigurationPlatforms) = preSolution
		Debug|Any CPU = Debug|Any CPU
		Release|Any CPU = Release|Any CPU
	EndGlobalSection
	GlobalSection(SolutionProperties) = preSolution
		HideSolutionNode = FALSE
	EndGlobalSection
	GlobalSection(ProjectConfigurationPlatforms) = postSolution
		{D480F7D8-3DB8-4F4D-9250-5A83F91F442F}.Debug|Any CPU.ActiveCfg = Debug|Any CPU
		{D480F7D8-3DB8-4F4D-9250-5A83F91F442F}.Debug|Any CPU.Build.0 = Debug|Any CPU
		{D480F7D8-3DB8-4F4D-9250-5A83F91F442F}.Release|Any CPU.ActiveCfg = Release|Any CPU
		{D480F7D8-3DB8-4F4D-9250-5A83F91F442F}.Release|Any CPU.Build.0 = Release|Any CPU
		{2F301C8E-29D8-4AA8-9E59-74FD2C24E522}.Debug|Any CPU.ActiveCfg = Debug|Any CPU
		{2F301C8E-29D8-4AA8-9E59-74FD2C24E522}.Debug|Any CPU.Build.0 = Debug|Any CPU
		{2F301C8E-29D8-4AA8-9E59-74FD2C24E522}.Release|Any CPU.ActiveCfg = Release|Any CPU
		{2F301C8E-29D8-4AA8-9E59-74FD2C24E522}.Release|Any CPU.Build.0 = Release|Any CPU
		{994F4F4D-E0B3-4A19-8461-555E6CBE03AA}.Debug|Any CPU.ActiveCfg = Debug|Any CPU
		{994F4F4D-E0B3-4A19-8461-555E6CBE03AA}.Debug|Any CPU.Build.0 = Debug|Any CPU
		{994F4F4D-E0B3-4A19-8461-555E6CBE03AA}.Release|Any CPU.ActiveCfg = Release|Any CPU
		{994F4F4D-E0B3-4A19-8461-555E6CBE03AA}.Release|Any CPU.Build.0 = Release|Any CPU
		{643EAD98-9776-4B35-A615-CF423CB04DC2}.Debug|Any CPU.ActiveCfg = Debug|Any CPU
		{643EAD98-9776-4B35-A615-CF423CB04DC2}.Debug|Any CPU.Build.0 = Debug|Any CPU
		{643EAD98-9776-4B35-A615-CF423CB04DC2}.Release|Any CPU.ActiveCfg = Release|Any CPU
		{643EAD98-9776-4B35-A615-CF423CB04DC2}.Release|Any CPU.Build.0 = Release|Any CPU
	EndGlobalSection
EndGlobal
